// !$*UTF8*$!
{
	archiveVersion = 1;
	classes = {
	};
	objectVersion = 54;
	objects = {

/* Begin PBXBuildFile section */
		00E356F31AD99517003FC87E /* Apna_FoodTests.m in Sources */ = {isa = PBXBuildFile; fileRef = 00E356F21AD99517003FC87E /* Apna_FoodTests.m */; };
		0F3F6E822A14D90F00FBDFCD /* GoogleService-Info.plist in Resources */ = {isa = PBXBuildFile; fileRef = 0F3F6E812A14D90F00FBDFCD /* GoogleService-Info.plist */; };
		13B07FBC1A68108700A75B9A /* AppDelegate.mm in Sources */ = {isa = PBXBuildFile; fileRef = 13B07FB01A68108700A75B9A /* AppDelegate.mm */; };
		13B07FBF1A68108700A75B9A /* Images.xcassets in Resources */ = {isa = PBXBuildFile; fileRef = 13B07FB51A68108700A75B9A /* Images.xcassets */; };
		13B07FC11A68108700A75B9A /* main.m in Sources */ = {isa = PBXBuildFile; fileRef = 13B07FB71A68108700A75B9A /* main.m */; };
		171D15840E414F118AA6A8B0 /* NunitoSans-Light.ttf in Resources */ = {isa = PBXBuildFile; fileRef = B653A20714534C6590CB56F6 /* NunitoSans-Light.ttf */; };
		19A2BD38CB3B428B85644247 /* Montserrat-Italic-VariableFont_wght.ttf in Resources */ = {isa = PBXBuildFile; fileRef = 270B1FE68DAB43BFBDAFD1A3 /* Montserrat-Italic-VariableFont_wght.ttf */; };
		1B2F611C1B86416DA15404BC /* NunitoSans-SemiBold.ttf in Resources */ = {isa = PBXBuildFile; fileRef = 59C39373E9AE41F9907A04E8 /* NunitoSans-SemiBold.ttf */; };
		2422F1A8B0DBE8354718BA6A /* libPods-Apna_Food.a in Frameworks */ = {isa = PBXBuildFile; fileRef = EF4ED5BC67C4398271BAACB4 /* libPods-Apna_Food.a */; };
		33CF777C6D8244DFB95F02CA /* NunitoSans-ExtraLight.ttf in Resources */ = {isa = PBXBuildFile; fileRef = B9E9D6B0BD824E2F894EFBBF /* NunitoSans-ExtraLight.ttf */; };
		3F78DBD049C049EB83A37214 /* NunitoSans-ExtraLightItalic.ttf in Resources */ = {isa = PBXBuildFile; fileRef = C8EA465F3B83425BBA84ADC5 /* NunitoSans-ExtraLightItalic.ttf */; };
		3F8EBA19F36C4B7BA833D4A1 /* NunitoSans-Bold.ttf in Resources */ = {isa = PBXBuildFile; fileRef = 0BAC99895CEF4F99AE347FB9 /* NunitoSans-Bold.ttf */; };
		413C45305BFF445BB7CC6D62 /* NunitoSans-ExtraBoldItalic.ttf in Resources */ = {isa = PBXBuildFile; fileRef = 58FCAD1736AC49C087040D1F /* NunitoSans-ExtraBoldItalic.ttf */; };
		4C7D01A72EB246A68E58774B /* NunitoSans-Black.ttf in Resources */ = {isa = PBXBuildFile; fileRef = A86BED09F71848B4A9F5DC77 /* NunitoSans-Black.ttf */; };
		510B44733EA141629F6339EA /* FiraMono-Medium.ttf in Resources */ = {isa = PBXBuildFile; fileRef = 590F764D05524CB384FE3E89 /* FiraMono-Medium.ttf */; };
		5B2996B20631460CBA1E3428 /* FiraMono-Bold.ttf in Resources */ = {isa = PBXBuildFile; fileRef = CFDE789F98114253A391B895 /* FiraMono-Bold.ttf */; };
		5CFBBE9CD1394028FF4264C1 /* libPods-Apna_Food-Apna_FoodTests.a in Frameworks */ = {isa = PBXBuildFile; fileRef = 5DFBB8513A41F32CA724C021 /* libPods-Apna_Food-Apna_FoodTests.a */; };
		6598FCD3D93E4A14BA6DFCA9 /* NunitoSans-BlackItalic.ttf in Resources */ = {isa = PBXBuildFile; fileRef = 98A9CEA075204D9E87F00C9E /* NunitoSans-BlackItalic.ttf */; };
		76C5D54251C341099F74B0CE /* NunitoSans-LightItalic.ttf in Resources */ = {isa = PBXBuildFile; fileRef = 4BC46EC4C7C04A1FBD8D1770 /* NunitoSans-LightItalic.ttf */; };
		7C9B2D55B11642CC931B222E /* NunitoSans-BoldItalic.ttf in Resources */ = {isa = PBXBuildFile; fileRef = 2D153383B21D48DC996FD57B /* NunitoSans-BoldItalic.ttf */; };
		7E26E5093D7A4B408B833446 /* TiroDevanagariHindi-Italic.ttf in Resources */ = {isa = PBXBuildFile; fileRef = F018A196945F4A8F9F5C7E18 /* TiroDevanagariHindi-Italic.ttf */; };
		81AB9BB82411601600AC10FF /* LaunchScreen.storyboard in Resources */ = {isa = PBXBuildFile; fileRef = 81AB9BB72411601600AC10FF /* LaunchScreen.storyboard */; };
		8F5E3B9B05A845719512C4EB /* FiraMono-Regular.ttf in Resources */ = {isa = PBXBuildFile; fileRef = 0FD65630D5834A40AAD922C1 /* FiraMono-Regular.ttf */; };
		9144BA8EA4084D8C80B946B0 /* NunitoSans-SemiBoldItalic.ttf in Resources */ = {isa = PBXBuildFile; fileRef = F38A5E1D0281454F958FF82B /* NunitoSans-SemiBoldItalic.ttf */; };
		95F7404006B04101AADED20D /* Montserrat-VariableFont_wght.ttf in Resources */ = {isa = PBXBuildFile; fileRef = 63085C0CD69B4D00A6C05F6E /* Montserrat-VariableFont_wght.ttf */; };
		B67F75BE8B1B466DAA8E3B60 /* NunitoSans-ExtraBold.ttf in Resources */ = {isa = PBXBuildFile; fileRef = A34B25C75EE54AB3B9206396 /* NunitoSans-ExtraBold.ttf */; };
		BAC5EF5B833F434C90F3E978 /* JosefinSans-VariableFont_wght.ttf in Resources */ = {isa = PBXBuildFile; fileRef = 76A5F073FDB6402D80BCD427 /* JosefinSans-VariableFont_wght.ttf */; };
		D3CF2964BCA945FC8E226527 /* TiroDevanagariHindi-Regular.ttf in Resources */ = {isa = PBXBuildFile; fileRef = 516AD50877304FE9B89019A1 /* TiroDevanagariHindi-Regular.ttf */; };
		D9B328C56A604750855EE574 /* NunitoSans-Regular.ttf in Resources */ = {isa = PBXBuildFile; fileRef = 983DAE47B689464E9464C951 /* NunitoSans-Regular.ttf */; };
		EECE9305123A460DA0D056D2 /* JosefinSans-Italic-VariableFont_wght.ttf in Resources */ = {isa = PBXBuildFile; fileRef = B32660A6F9774A8DB33EDF60 /* JosefinSans-Italic-VariableFont_wght.ttf */; };
		FF9A16800E9A496BB154CED9 /* NunitoSans-Italic.ttf in Resources */ = {isa = PBXBuildFile; fileRef = B8E7FFF491594076835371C6 /* NunitoSans-Italic.ttf */; };
/* End PBXBuildFile section */

/* Begin PBXContainerItemProxy section */
		00E356F41AD99517003FC87E /* PBXContainerItemProxy */ = {
			isa = PBXContainerItemProxy;
			containerPortal = 83CBB9F71A601CBA00E9B192 /* Project object */;
			proxyType = 1;
			remoteGlobalIDString = 13B07F861A680F5B00A75B9A;
			remoteInfo = Apna_Food;
		};
/* End PBXContainerItemProxy section */

/* Begin PBXFileReference section */
		00E356EE1AD99517003FC87E /* Apna_FoodTests.xctest */ = {isa = PBXFileReference; explicitFileType = wrapper.cfbundle; includeInIndex = 0; path = Apna_FoodTests.xctest; sourceTree = BUILT_PRODUCTS_DIR; };
		00E356F11AD99517003FC87E /* Info.plist */ = {isa = PBXFileReference; lastKnownFileType = text.plist.xml; path = Info.plist; sourceTree = "<group>"; };
		00E356F21AD99517003FC87E /* Apna_FoodTests.m */ = {isa = PBXFileReference; lastKnownFileType = sourcecode.c.objc; path = Apna_FoodTests.m; sourceTree = "<group>"; };
		0BAC99895CEF4F99AE347FB9 /* NunitoSans-Bold.ttf */ = {isa = PBXFileReference; explicitFileType = undefined; fileEncoding = 9; includeInIndex = 0; lastKnownFileType = unknown; name = "NunitoSans-Bold.ttf"; path = "../source/assets/fonts/NunitoSans-Bold.ttf"; sourceTree = "<group>"; };
		0F1599652A03B57E00324402 /* GoogleMaps.xcframework */ = {isa = PBXFileReference; lastKnownFileType = wrapper.xcframework; name = GoogleMaps.xcframework; path = Pods/GoogleMaps/Maps/Frameworks/GoogleMaps.xcframework; sourceTree = "<group>"; };
		0F3F6E812A14D90F00FBDFCD /* GoogleService-Info.plist */ = {isa = PBXFileReference; fileEncoding = 4; lastKnownFileType = text.plist.xml; name = "GoogleService-Info.plist"; path = "../../../Downloads/GoogleService-Info.plist"; sourceTree = "<group>"; };
		0FA7B52C2A0E2BDF00E85908 /* libsqlite3.tbd */ = {isa = PBXFileReference; lastKnownFileType = "sourcecode.text-based-dylib-definition"; name = libsqlite3.tbd; path = usr/lib/libsqlite3.tbd; sourceTree = SDKROOT; };
		0FD65630D5834A40AAD922C1 /* FiraMono-Regular.ttf */ = {isa = PBXFileReference; explicitFileType = undefined; fileEncoding = 9; includeInIndex = 0; lastKnownFileType = unknown; name = "FiraMono-Regular.ttf"; path = "../source/assets/fonts/FiraMono-Regular.ttf"; sourceTree = "<group>"; };
		0FDB64AD2A03CF270044CFAE /* libreact-native-maps.a */ = {isa = PBXFileReference; explicitFileType = archive.ar; path = "libreact-native-maps.a"; sourceTree = BUILT_PRODUCTS_DIR; };
		13B07F961A680F5B00A75B9A /* Apna_Food.app */ = {isa = PBXFileReference; explicitFileType = wrapper.application; includeInIndex = 0; path = Apna_Food.app; sourceTree = BUILT_PRODUCTS_DIR; };
		13B07FAF1A68108700A75B9A /* AppDelegate.h */ = {isa = PBXFileReference; fileEncoding = 4; lastKnownFileType = sourcecode.c.h; name = AppDelegate.h; path = Apna_Food/AppDelegate.h; sourceTree = "<group>"; };
		13B07FB01A68108700A75B9A /* AppDelegate.mm */ = {isa = PBXFileReference; fileEncoding = 4; lastKnownFileType = sourcecode.cpp.objcpp; name = AppDelegate.mm; path = Apna_Food/AppDelegate.mm; sourceTree = "<group>"; };
		13B07FB51A68108700A75B9A /* Images.xcassets */ = {isa = PBXFileReference; lastKnownFileType = folder.assetcatalog; name = Images.xcassets; path = Apna_Food/Images.xcassets; sourceTree = "<group>"; };
		13B07FB61A68108700A75B9A /* Info.plist */ = {isa = PBXFileReference; fileEncoding = 4; lastKnownFileType = text.plist.xml; name = Info.plist; path = Apna_Food/Info.plist; sourceTree = "<group>"; };
		13B07FB71A68108700A75B9A /* main.m */ = {isa = PBXFileReference; fileEncoding = 4; lastKnownFileType = sourcecode.c.objc; name = main.m; path = Apna_Food/main.m; sourceTree = "<group>"; };
		270B1FE68DAB43BFBDAFD1A3 /* Montserrat-Italic-VariableFont_wght.ttf */ = {isa = PBXFileReference; explicitFileType = undefined; fileEncoding = 9; includeInIndex = 0; lastKnownFileType = unknown; name = "Montserrat-Italic-VariableFont_wght.ttf"; path = "../source/assets/fonts/Montserrat-Italic-VariableFont_wght.ttf"; sourceTree = "<group>"; };
		2D153383B21D48DC996FD57B /* NunitoSans-BoldItalic.ttf */ = {isa = PBXFileReference; explicitFileType = undefined; fileEncoding = 9; includeInIndex = 0; lastKnownFileType = unknown; name = "NunitoSans-BoldItalic.ttf"; path = "../source/assets/fonts/NunitoSans-BoldItalic.ttf"; sourceTree = "<group>"; };
		4BC46EC4C7C04A1FBD8D1770 /* NunitoSans-LightItalic.ttf */ = {isa = PBXFileReference; explicitFileType = undefined; fileEncoding = 9; includeInIndex = 0; lastKnownFileType = unknown; name = "NunitoSans-LightItalic.ttf"; path = "../source/assets/fonts/NunitoSans-LightItalic.ttf"; sourceTree = "<group>"; };
		516AD50877304FE9B89019A1 /* TiroDevanagariHindi-Regular.ttf */ = {isa = PBXFileReference; explicitFileType = undefined; fileEncoding = 9; includeInIndex = 0; lastKnownFileType = unknown; name = "TiroDevanagariHindi-Regular.ttf"; path = "../source/assets/fonts/TiroDevanagariHindi-Regular.ttf"; sourceTree = "<group>"; };
		5339254BC8EC050FE026C42C /* Pods-Apna_Food.release.xcconfig */ = {isa = PBXFileReference; includeInIndex = 1; lastKnownFileType = text.xcconfig; name = "Pods-Apna_Food.release.xcconfig"; path = "Target Support Files/Pods-Apna_Food/Pods-Apna_Food.release.xcconfig"; sourceTree = "<group>"; };
		58FCAD1736AC49C087040D1F /* NunitoSans-ExtraBoldItalic.ttf */ = {isa = PBXFileReference; explicitFileType = undefined; fileEncoding = 9; includeInIndex = 0; lastKnownFileType = unknown; name = "NunitoSans-ExtraBoldItalic.ttf"; path = "../source/assets/fonts/NunitoSans-ExtraBoldItalic.ttf"; sourceTree = "<group>"; };
		590F764D05524CB384FE3E89 /* FiraMono-Medium.ttf */ = {isa = PBXFileReference; explicitFileType = undefined; fileEncoding = 9; includeInIndex = 0; lastKnownFileType = unknown; name = "FiraMono-Medium.ttf"; path = "../source/assets/fonts/FiraMono-Medium.ttf"; sourceTree = "<group>"; };
		59C39373E9AE41F9907A04E8 /* NunitoSans-SemiBold.ttf */ = {isa = PBXFileReference; explicitFileType = undefined; fileEncoding = 9; includeInIndex = 0; lastKnownFileType = unknown; name = "NunitoSans-SemiBold.ttf"; path = "../source/assets/fonts/NunitoSans-SemiBold.ttf"; sourceTree = "<group>"; };
		5DFBB8513A41F32CA724C021 /* libPods-Apna_Food-Apna_FoodTests.a */ = {isa = PBXFileReference; explicitFileType = archive.ar; includeInIndex = 0; path = "libPods-Apna_Food-Apna_FoodTests.a"; sourceTree = BUILT_PRODUCTS_DIR; };
		601ABC3AB44BFCB63A6DB622 /* Pods-Apna_Food-Apna_FoodTests.release.xcconfig */ = {isa = PBXFileReference; includeInIndex = 1; lastKnownFileType = text.xcconfig; name = "Pods-Apna_Food-Apna_FoodTests.release.xcconfig"; path = "Target Support Files/Pods-Apna_Food-Apna_FoodTests/Pods-Apna_Food-Apna_FoodTests.release.xcconfig"; sourceTree = "<group>"; };
		63085C0CD69B4D00A6C05F6E /* Montserrat-VariableFont_wght.ttf */ = {isa = PBXFileReference; explicitFileType = undefined; fileEncoding = 9; includeInIndex = 0; lastKnownFileType = unknown; name = "Montserrat-VariableFont_wght.ttf"; path = "../source/assets/fonts/Montserrat-VariableFont_wght.ttf"; sourceTree = "<group>"; };
		76A5F073FDB6402D80BCD427 /* JosefinSans-VariableFont_wght.ttf */ = {isa = PBXFileReference; explicitFileType = undefined; fileEncoding = 9; includeInIndex = 0; lastKnownFileType = unknown; name = "JosefinSans-VariableFont_wght.ttf"; path = "../source/assets/fonts/JosefinSans-VariableFont_wght.ttf"; sourceTree = "<group>"; };
		81AB9BB72411601600AC10FF /* LaunchScreen.storyboard */ = {isa = PBXFileReference; fileEncoding = 4; lastKnownFileType = file.storyboard; name = LaunchScreen.storyboard; path = Apna_Food/LaunchScreen.storyboard; sourceTree = "<group>"; };
		8A0D7832F878A067CB34C0B0 /* Pods-Apna_Food.debug.xcconfig */ = {isa = PBXFileReference; includeInIndex = 1; lastKnownFileType = text.xcconfig; name = "Pods-Apna_Food.debug.xcconfig"; path = "Target Support Files/Pods-Apna_Food/Pods-Apna_Food.debug.xcconfig"; sourceTree = "<group>"; };
		983DAE47B689464E9464C951 /* NunitoSans-Regular.ttf */ = {isa = PBXFileReference; explicitFileType = undefined; fileEncoding = 9; includeInIndex = 0; lastKnownFileType = unknown; name = "NunitoSans-Regular.ttf"; path = "../source/assets/fonts/NunitoSans-Regular.ttf"; sourceTree = "<group>"; };
		98A9CEA075204D9E87F00C9E /* NunitoSans-BlackItalic.ttf */ = {isa = PBXFileReference; explicitFileType = undefined; fileEncoding = 9; includeInIndex = 0; lastKnownFileType = unknown; name = "NunitoSans-BlackItalic.ttf"; path = "../source/assets/fonts/NunitoSans-BlackItalic.ttf"; sourceTree = "<group>"; };
		A34B25C75EE54AB3B9206396 /* NunitoSans-ExtraBold.ttf */ = {isa = PBXFileReference; explicitFileType = undefined; fileEncoding = 9; includeInIndex = 0; lastKnownFileType = unknown; name = "NunitoSans-ExtraBold.ttf"; path = "../source/assets/fonts/NunitoSans-ExtraBold.ttf"; sourceTree = "<group>"; };
		A86BED09F71848B4A9F5DC77 /* NunitoSans-Black.ttf */ = {isa = PBXFileReference; explicitFileType = undefined; fileEncoding = 9; includeInIndex = 0; lastKnownFileType = unknown; name = "NunitoSans-Black.ttf"; path = "../source/assets/fonts/NunitoSans-Black.ttf"; sourceTree = "<group>"; };
		B32660A6F9774A8DB33EDF60 /* JosefinSans-Italic-VariableFont_wght.ttf */ = {isa = PBXFileReference; explicitFileType = undefined; fileEncoding = 9; includeInIndex = 0; lastKnownFileType = unknown; name = "JosefinSans-Italic-VariableFont_wght.ttf"; path = "../source/assets/fonts/JosefinSans-Italic-VariableFont_wght.ttf"; sourceTree = "<group>"; };
		B653A20714534C6590CB56F6 /* NunitoSans-Light.ttf */ = {isa = PBXFileReference; explicitFileType = undefined; fileEncoding = 9; includeInIndex = 0; lastKnownFileType = unknown; name = "NunitoSans-Light.ttf"; path = "../source/assets/fonts/NunitoSans-Light.ttf"; sourceTree = "<group>"; };
		B8E7FFF491594076835371C6 /* NunitoSans-Italic.ttf */ = {isa = PBXFileReference; explicitFileType = undefined; fileEncoding = 9; includeInIndex = 0; lastKnownFileType = unknown; name = "NunitoSans-Italic.ttf"; path = "../source/assets/fonts/NunitoSans-Italic.ttf"; sourceTree = "<group>"; };
		B9E9D6B0BD824E2F894EFBBF /* NunitoSans-ExtraLight.ttf */ = {isa = PBXFileReference; explicitFileType = undefined; fileEncoding = 9; includeInIndex = 0; lastKnownFileType = unknown; name = "NunitoSans-ExtraLight.ttf"; path = "../source/assets/fonts/NunitoSans-ExtraLight.ttf"; sourceTree = "<group>"; };
		C8EA465F3B83425BBA84ADC5 /* NunitoSans-ExtraLightItalic.ttf */ = {isa = PBXFileReference; explicitFileType = undefined; fileEncoding = 9; includeInIndex = 0; lastKnownFileType = unknown; name = "NunitoSans-ExtraLightItalic.ttf"; path = "../source/assets/fonts/NunitoSans-ExtraLightItalic.ttf"; sourceTree = "<group>"; };
		CFDE789F98114253A391B895 /* FiraMono-Bold.ttf */ = {isa = PBXFileReference; explicitFileType = undefined; fileEncoding = 9; includeInIndex = 0; lastKnownFileType = unknown; name = "FiraMono-Bold.ttf"; path = "../source/assets/fonts/FiraMono-Bold.ttf"; sourceTree = "<group>"; };
		D8995045A8C3FD743DDF61FB /* Pods-Apna_Food-Apna_FoodTests.debug.xcconfig */ = {isa = PBXFileReference; includeInIndex = 1; lastKnownFileType = text.xcconfig; name = "Pods-Apna_Food-Apna_FoodTests.debug.xcconfig"; path = "Target Support Files/Pods-Apna_Food-Apna_FoodTests/Pods-Apna_Food-Apna_FoodTests.debug.xcconfig"; sourceTree = "<group>"; };
		EF4ED5BC67C4398271BAACB4 /* libPods-Apna_Food.a */ = {isa = PBXFileReference; explicitFileType = archive.ar; includeInIndex = 0; path = "libPods-Apna_Food.a"; sourceTree = BUILT_PRODUCTS_DIR; };
		F018A196945F4A8F9F5C7E18 /* TiroDevanagariHindi-Italic.ttf */ = {isa = PBXFileReference; explicitFileType = undefined; fileEncoding = 9; includeInIndex = 0; lastKnownFileType = unknown; name = "TiroDevanagariHindi-Italic.ttf"; path = "../source/assets/fonts/TiroDevanagariHindi-Italic.ttf"; sourceTree = "<group>"; };
		F38A5E1D0281454F958FF82B /* NunitoSans-SemiBoldItalic.ttf */ = {isa = PBXFileReference; explicitFileType = undefined; fileEncoding = 9; includeInIndex = 0; lastKnownFileType = unknown; name = "NunitoSans-SemiBoldItalic.ttf"; path = "../source/assets/fonts/NunitoSans-SemiBoldItalic.ttf"; sourceTree = "<group>"; };
/* End PBXFileReference section */

/* Begin PBXFrameworksBuildPhase section */
		00E356EB1AD99517003FC87E /* Frameworks */ = {
			isa = PBXFrameworksBuildPhase;
			buildActionMask = 2147483647;
			files = (
				5CFBBE9CD1394028FF4264C1 /* libPods-Apna_Food-Apna_FoodTests.a in Frameworks */,
			);
			runOnlyForDeploymentPostprocessing = 0;
		};
		E0DBA290FA0405B484287BC1 /* Frameworks */ = {
			isa = PBXFrameworksBuildPhase;
			buildActionMask = 2147483647;
			files = (
				2422F1A8B0DBE8354718BA6A /* libPods-Apna_Food.a in Frameworks */,
			);
			runOnlyForDeploymentPostprocessing = 0;
		};
/* End PBXFrameworksBuildPhase section */

/* Begin PBXGroup section */
		00E356EF1AD99517003FC87E /* Apna_FoodTests */ = {
			isa = PBXGroup;
			children = (
				00E356F21AD99517003FC87E /* Apna_FoodTests.m */,
				00E356F01AD99517003FC87E /* Supporting Files */,
			);
			path = Apna_FoodTests;
			sourceTree = "<group>";
		};
		00E356F01AD99517003FC87E /* Supporting Files */ = {
			isa = PBXGroup;
			children = (
				00E356F11AD99517003FC87E /* Info.plist */,
			);
			name = "Supporting Files";
			sourceTree = "<group>";
		};
		13B07FAE1A68108700A75B9A /* Apna_Food */ = {
			isa = PBXGroup;
			children = (
				0F3F6E812A14D90F00FBDFCD /* GoogleService-Info.plist */,
				13B07FAF1A68108700A75B9A /* AppDelegate.h */,
				13B07FB01A68108700A75B9A /* AppDelegate.mm */,
				13B07FB51A68108700A75B9A /* Images.xcassets */,
				13B07FB61A68108700A75B9A /* Info.plist */,
				81AB9BB72411601600AC10FF /* LaunchScreen.storyboard */,
				13B07FB71A68108700A75B9A /* main.m */,
			);
			name = Apna_Food;
			sourceTree = "<group>";
		};
		2D16E6871FA4F8E400B85C8A /* Frameworks */ = {
			isa = PBXGroup;
			children = (
				0FA7B52C2A0E2BDF00E85908 /* libsqlite3.tbd */,
				0FDB64AD2A03CF270044CFAE /* libreact-native-maps.a */,
				0F1599652A03B57E00324402 /* GoogleMaps.xcframework */,
				EF4ED5BC67C4398271BAACB4 /* libPods-Apna_Food.a */,
				5DFBB8513A41F32CA724C021 /* libPods-Apna_Food-Apna_FoodTests.a */,
			);
			name = Frameworks;
			sourceTree = "<group>";
		};
		832341AE1AAA6A7D00B99B32 /* Libraries */ = {
			isa = PBXGroup;
			children = (
			);
			name = Libraries;
			sourceTree = "<group>";
		};
		83CBB9F61A601CBA00E9B192 = {
			isa = PBXGroup;
			children = (
				13B07FAE1A68108700A75B9A /* Apna_Food */,
				832341AE1AAA6A7D00B99B32 /* Libraries */,
				00E356EF1AD99517003FC87E /* Apna_FoodTests */,
				83CBBA001A601CBA00E9B192 /* Products */,
				2D16E6871FA4F8E400B85C8A /* Frameworks */,
				BBD78D7AC51CEA395F1C20DB /* Pods */,
				971BC2C2DBFA4EAFAD8BE727 /* Resources */,
			);
			indentWidth = 2;
			sourceTree = "<group>";
			tabWidth = 2;
			usesTabs = 0;
		};
		83CBBA001A601CBA00E9B192 /* Products */ = {
			isa = PBXGroup;
			children = (
				13B07F961A680F5B00A75B9A /* Apna_Food.app */,
				00E356EE1AD99517003FC87E /* Apna_FoodTests.xctest */,
			);
			name = Products;
			sourceTree = "<group>";
		};
		971BC2C2DBFA4EAFAD8BE727 /* Resources */ = {
			isa = PBXGroup;
			children = (
				CFDE789F98114253A391B895 /* FiraMono-Bold.ttf */,
				590F764D05524CB384FE3E89 /* FiraMono-Medium.ttf */,
				0FD65630D5834A40AAD922C1 /* FiraMono-Regular.ttf */,
				270B1FE68DAB43BFBDAFD1A3 /* Montserrat-Italic-VariableFont_wght.ttf */,
				63085C0CD69B4D00A6C05F6E /* Montserrat-VariableFont_wght.ttf */,
				A86BED09F71848B4A9F5DC77 /* NunitoSans-Black.ttf */,
				98A9CEA075204D9E87F00C9E /* NunitoSans-BlackItalic.ttf */,
				0BAC99895CEF4F99AE347FB9 /* NunitoSans-Bold.ttf */,
				2D153383B21D48DC996FD57B /* NunitoSans-BoldItalic.ttf */,
				A34B25C75EE54AB3B9206396 /* NunitoSans-ExtraBold.ttf */,
				58FCAD1736AC49C087040D1F /* NunitoSans-ExtraBoldItalic.ttf */,
				B9E9D6B0BD824E2F894EFBBF /* NunitoSans-ExtraLight.ttf */,
				C8EA465F3B83425BBA84ADC5 /* NunitoSans-ExtraLightItalic.ttf */,
				B8E7FFF491594076835371C6 /* NunitoSans-Italic.ttf */,
				B653A20714534C6590CB56F6 /* NunitoSans-Light.ttf */,
				4BC46EC4C7C04A1FBD8D1770 /* NunitoSans-LightItalic.ttf */,
				983DAE47B689464E9464C951 /* NunitoSans-Regular.ttf */,
				59C39373E9AE41F9907A04E8 /* NunitoSans-SemiBold.ttf */,
				F38A5E1D0281454F958FF82B /* NunitoSans-SemiBoldItalic.ttf */,
				F018A196945F4A8F9F5C7E18 /* TiroDevanagariHindi-Italic.ttf */,
				516AD50877304FE9B89019A1 /* TiroDevanagariHindi-Regular.ttf */,
				B32660A6F9774A8DB33EDF60 /* JosefinSans-Italic-VariableFont_wght.ttf */,
				76A5F073FDB6402D80BCD427 /* JosefinSans-VariableFont_wght.ttf */,
			);
			name = Resources;
			sourceTree = "<group>";
		};
		BBD78D7AC51CEA395F1C20DB /* Pods */ = {
			isa = PBXGroup;
			children = (
				8A0D7832F878A067CB34C0B0 /* Pods-Apna_Food.debug.xcconfig */,
				5339254BC8EC050FE026C42C /* Pods-Apna_Food.release.xcconfig */,
				D8995045A8C3FD743DDF61FB /* Pods-Apna_Food-Apna_FoodTests.debug.xcconfig */,
				601ABC3AB44BFCB63A6DB622 /* Pods-Apna_Food-Apna_FoodTests.release.xcconfig */,
			);
			path = Pods;
			sourceTree = "<group>";
		};
/* End PBXGroup section */

/* Begin PBXNativeTarget section */
		00E356ED1AD99517003FC87E /* Apna_FoodTests */ = {
			isa = PBXNativeTarget;
			buildConfigurationList = 00E357021AD99517003FC87E /* Build configuration list for PBXNativeTarget "Apna_FoodTests" */;
			buildPhases = (
				D4EBD909FE22A5D13E6CF8FF /* [CP] Check Pods Manifest.lock */,
				00E356EA1AD99517003FC87E /* Sources */,
				00E356EB1AD99517003FC87E /* Frameworks */,
				00E356EC1AD99517003FC87E /* Resources */,
				6855D8D885FA2CF6314C4F8C /* [CP] Embed Pods Frameworks */,
				A87E2B01935D687B2C303652 /* [CP] Copy Pods Resources */,
			);
			buildRules = (
			);
			dependencies = (
				00E356F51AD99517003FC87E /* PBXTargetDependency */,
			);
			name = Apna_FoodTests;
			productName = Apna_FoodTests;
			productReference = 00E356EE1AD99517003FC87E /* Apna_FoodTests.xctest */;
			productType = "com.apple.product-type.bundle.unit-test";
		};
		13B07F861A680F5B00A75B9A /* Apna_Food */ = {
			isa = PBXNativeTarget;
			buildConfigurationList = 13B07F931A680F5B00A75B9A /* Build configuration list for PBXNativeTarget "Apna_Food" */;
			buildPhases = (
				70140D32669A1E92D33BC7A4 /* [CP] Check Pods Manifest.lock */,
				FD10A7F022414F080027D42C /* Start Packager */,
				13B07F871A680F5B00A75B9A /* Sources */,
				13B07F8E1A680F5B00A75B9A /* Resources */,
				00DD1BFF1BD5951E006B06BC /* Bundle React Native code and images */,
				E0DBA290FA0405B484287BC1 /* Frameworks */,
				1FD7EE1118DCE32739E7E0B7 /* [CP] Embed Pods Frameworks */,
				75D4713C631F713127E58D2C /* [CP] Copy Pods Resources */,
			);
			buildRules = (
			);
			dependencies = (
			);
			name = Apna_Food;
			productName = Apna_Food;
			productReference = 13B07F961A680F5B00A75B9A /* Apna_Food.app */;
			productType = "com.apple.product-type.application";
		};
/* End PBXNativeTarget section */

/* Begin PBXProject section */
		83CBB9F71A601CBA00E9B192 /* Project object */ = {
			isa = PBXProject;
			attributes = {
				LastUpgradeCheck = 1210;
				TargetAttributes = {
					00E356ED1AD99517003FC87E = {
						CreatedOnToolsVersion = 6.2;
						TestTargetID = 13B07F861A680F5B00A75B9A;
					};
					13B07F861A680F5B00A75B9A = {
						LastSwiftMigration = 1120;
					};
				};
			};
			buildConfigurationList = 83CBB9FA1A601CBA00E9B192 /* Build configuration list for PBXProject "Apna_Food" */;
			compatibilityVersion = "Xcode 12.0";
			developmentRegion = en;
			hasScannedForEncodings = 0;
			knownRegions = (
				en,
				Base,
			);
			mainGroup = 83CBB9F61A601CBA00E9B192;
			productRefGroup = 83CBBA001A601CBA00E9B192 /* Products */;
			projectDirPath = "";
			projectRoot = "";
			targets = (
				13B07F861A680F5B00A75B9A /* Apna_Food */,
				00E356ED1AD99517003FC87E /* Apna_FoodTests */,
			);
		};
/* End PBXProject section */

/* Begin PBXResourcesBuildPhase section */
		00E356EC1AD99517003FC87E /* Resources */ = {
			isa = PBXResourcesBuildPhase;
			buildActionMask = 2147483647;
			files = (
			);
			runOnlyForDeploymentPostprocessing = 0;
		};
		13B07F8E1A680F5B00A75B9A /* Resources */ = {
			isa = PBXResourcesBuildPhase;
			buildActionMask = 2147483647;
			files = (
				81AB9BB82411601600AC10FF /* LaunchScreen.storyboard in Resources */,
				13B07FBF1A68108700A75B9A /* Images.xcassets in Resources */,
				5B2996B20631460CBA1E3428 /* FiraMono-Bold.ttf in Resources */,
				510B44733EA141629F6339EA /* FiraMono-Medium.ttf in Resources */,
				8F5E3B9B05A845719512C4EB /* FiraMono-Regular.ttf in Resources */,
				19A2BD38CB3B428B85644247 /* Montserrat-Italic-VariableFont_wght.ttf in Resources */,
				95F7404006B04101AADED20D /* Montserrat-VariableFont_wght.ttf in Resources */,
				4C7D01A72EB246A68E58774B /* NunitoSans-Black.ttf in Resources */,
				6598FCD3D93E4A14BA6DFCA9 /* NunitoSans-BlackItalic.ttf in Resources */,
				3F8EBA19F36C4B7BA833D4A1 /* NunitoSans-Bold.ttf in Resources */,
				7C9B2D55B11642CC931B222E /* NunitoSans-BoldItalic.ttf in Resources */,
				B67F75BE8B1B466DAA8E3B60 /* NunitoSans-ExtraBold.ttf in Resources */,
				413C45305BFF445BB7CC6D62 /* NunitoSans-ExtraBoldItalic.ttf in Resources */,
				0F3F6E822A14D90F00FBDFCD /* GoogleService-Info.plist in Resources */,
				33CF777C6D8244DFB95F02CA /* NunitoSans-ExtraLight.ttf in Resources */,
				3F78DBD049C049EB83A37214 /* NunitoSans-ExtraLightItalic.ttf in Resources */,
				FF9A16800E9A496BB154CED9 /* NunitoSans-Italic.ttf in Resources */,
				171D15840E414F118AA6A8B0 /* NunitoSans-Light.ttf in Resources */,
				76C5D54251C341099F74B0CE /* NunitoSans-LightItalic.ttf in Resources */,
				D9B328C56A604750855EE574 /* NunitoSans-Regular.ttf in Resources */,
				1B2F611C1B86416DA15404BC /* NunitoSans-SemiBold.ttf in Resources */,
				9144BA8EA4084D8C80B946B0 /* NunitoSans-SemiBoldItalic.ttf in Resources */,
				7E26E5093D7A4B408B833446 /* TiroDevanagariHindi-Italic.ttf in Resources */,
				D3CF2964BCA945FC8E226527 /* TiroDevanagariHindi-Regular.ttf in Resources */,
				EECE9305123A460DA0D056D2 /* JosefinSans-Italic-VariableFont_wght.ttf in Resources */,
				BAC5EF5B833F434C90F3E978 /* JosefinSans-VariableFont_wght.ttf in Resources */,
			);
			runOnlyForDeploymentPostprocessing = 0;
		};
/* End PBXResourcesBuildPhase section */

/* Begin PBXShellScriptBuildPhase section */
		00DD1BFF1BD5951E006B06BC /* Bundle React Native code and images */ = {
			isa = PBXShellScriptBuildPhase;
			buildActionMask = 2147483647;
			files = (
			);
			inputPaths = (
				"$(SRCROOT)/.xcode.env.local",
				"$(SRCROOT)/.xcode.env",
			);
			name = "Bundle React Native code and images";
			outputPaths = (
			);
			runOnlyForDeploymentPostprocessing = 0;
			shellPath = /bin/sh;
			shellScript = "set -e\n\nWITH_ENVIRONMENT=\"../node_modules/react-native/scripts/xcode/with-environment.sh\"\nREACT_NATIVE_XCODE=\"../node_modules/react-native/scripts/react-native-xcode.sh\"\n\n/bin/sh -c \"$WITH_ENVIRONMENT $REACT_NATIVE_XCODE\"\n";
		};
		1FD7EE1118DCE32739E7E0B7 /* [CP] Embed Pods Frameworks */ = {
			isa = PBXShellScriptBuildPhase;
			buildActionMask = 2147483647;
			files = (
			);
			inputFileListPaths = (
				"${PODS_ROOT}/Target Support Files/Pods-Apna_Food/Pods-Apna_Food-frameworks-${CONFIGURATION}-input-files.xcfilelist",
			);
			name = "[CP] Embed Pods Frameworks";
			outputFileListPaths = (
				"${PODS_ROOT}/Target Support Files/Pods-Apna_Food/Pods-Apna_Food-frameworks-${CONFIGURATION}-output-files.xcfilelist",
			);
			runOnlyForDeploymentPostprocessing = 0;
			shellPath = /bin/sh;
			shellScript = "\"${PODS_ROOT}/Target Support Files/Pods-Apna_Food/Pods-Apna_Food-frameworks.sh\"\n";
			showEnvVarsInLog = 0;
		};
		6855D8D885FA2CF6314C4F8C /* [CP] Embed Pods Frameworks */ = {
			isa = PBXShellScriptBuildPhase;
			buildActionMask = 2147483647;
			files = (
			);
			inputFileListPaths = (
				"${PODS_ROOT}/Target Support Files/Pods-Apna_Food-Apna_FoodTests/Pods-Apna_Food-Apna_FoodTests-frameworks-${CONFIGURATION}-input-files.xcfilelist",
			);
			name = "[CP] Embed Pods Frameworks";
			outputFileListPaths = (
				"${PODS_ROOT}/Target Support Files/Pods-Apna_Food-Apna_FoodTests/Pods-Apna_Food-Apna_FoodTests-frameworks-${CONFIGURATION}-output-files.xcfilelist",
			);
			runOnlyForDeploymentPostprocessing = 0;
			shellPath = /bin/sh;
			shellScript = "\"${PODS_ROOT}/Target Support Files/Pods-Apna_Food-Apna_FoodTests/Pods-Apna_Food-Apna_FoodTests-frameworks.sh\"\n";
			showEnvVarsInLog = 0;
		};
		70140D32669A1E92D33BC7A4 /* [CP] Check Pods Manifest.lock */ = {
			isa = PBXShellScriptBuildPhase;
			buildActionMask = 2147483647;
			files = (
			);
			inputFileListPaths = (
			);
			inputPaths = (
				"${PODS_PODFILE_DIR_PATH}/Podfile.lock",
				"${PODS_ROOT}/Manifest.lock",
			);
			name = "[CP] Check Pods Manifest.lock";
			outputFileListPaths = (
			);
			outputPaths = (
				"$(DERIVED_FILE_DIR)/Pods-Apna_Food-checkManifestLockResult.txt",
			);
			runOnlyForDeploymentPostprocessing = 0;
			shellPath = /bin/sh;
			shellScript = "diff \"${PODS_PODFILE_DIR_PATH}/Podfile.lock\" \"${PODS_ROOT}/Manifest.lock\" > /dev/null\nif [ $? != 0 ] ; then\n    # print error to STDERR\n    echo \"error: The sandbox is not in sync with the Podfile.lock. Run 'pod install' or update your CocoaPods installation.\" >&2\n    exit 1\nfi\n# This output is used by Xcode 'outputs' to avoid re-running this script phase.\necho \"SUCCESS\" > \"${SCRIPT_OUTPUT_FILE_0}\"\n";
			showEnvVarsInLog = 0;
		};
		75D4713C631F713127E58D2C /* [CP] Copy Pods Resources */ = {
			isa = PBXShellScriptBuildPhase;
			buildActionMask = 2147483647;
			files = (
			);
			inputFileListPaths = (
				"${PODS_ROOT}/Target Support Files/Pods-Apna_Food/Pods-Apna_Food-resources-${CONFIGURATION}-input-files.xcfilelist",
			);
			name = "[CP] Copy Pods Resources";
			outputFileListPaths = (
				"${PODS_ROOT}/Target Support Files/Pods-Apna_Food/Pods-Apna_Food-resources-${CONFIGURATION}-output-files.xcfilelist",
			);
			runOnlyForDeploymentPostprocessing = 0;
			shellPath = /bin/sh;
			shellScript = "\"${PODS_ROOT}/Target Support Files/Pods-Apna_Food/Pods-Apna_Food-resources.sh\"\n";
			showEnvVarsInLog = 0;
		};
		A87E2B01935D687B2C303652 /* [CP] Copy Pods Resources */ = {
			isa = PBXShellScriptBuildPhase;
			buildActionMask = 2147483647;
			files = (
			);
			inputFileListPaths = (
				"${PODS_ROOT}/Target Support Files/Pods-Apna_Food-Apna_FoodTests/Pods-Apna_Food-Apna_FoodTests-resources-${CONFIGURATION}-input-files.xcfilelist",
			);
			name = "[CP] Copy Pods Resources";
			outputFileListPaths = (
				"${PODS_ROOT}/Target Support Files/Pods-Apna_Food-Apna_FoodTests/Pods-Apna_Food-Apna_FoodTests-resources-${CONFIGURATION}-output-files.xcfilelist",
			);
			runOnlyForDeploymentPostprocessing = 0;
			shellPath = /bin/sh;
			shellScript = "\"${PODS_ROOT}/Target Support Files/Pods-Apna_Food-Apna_FoodTests/Pods-Apna_Food-Apna_FoodTests-resources.sh\"\n";
			showEnvVarsInLog = 0;
		};
		D4EBD909FE22A5D13E6CF8FF /* [CP] Check Pods Manifest.lock */ = {
			isa = PBXShellScriptBuildPhase;
			buildActionMask = 2147483647;
			files = (
			);
			inputFileListPaths = (
			);
			inputPaths = (
				"${PODS_PODFILE_DIR_PATH}/Podfile.lock",
				"${PODS_ROOT}/Manifest.lock",
			);
			name = "[CP] Check Pods Manifest.lock";
			outputFileListPaths = (
			);
			outputPaths = (
				"$(DERIVED_FILE_DIR)/Pods-Apna_Food-Apna_FoodTests-checkManifestLockResult.txt",
			);
			runOnlyForDeploymentPostprocessing = 0;
			shellPath = /bin/sh;
			shellScript = "diff \"${PODS_PODFILE_DIR_PATH}/Podfile.lock\" \"${PODS_ROOT}/Manifest.lock\" > /dev/null\nif [ $? != 0 ] ; then\n    # print error to STDERR\n    echo \"error: The sandbox is not in sync with the Podfile.lock. Run 'pod install' or update your CocoaPods installation.\" >&2\n    exit 1\nfi\n# This output is used by Xcode 'outputs' to avoid re-running this script phase.\necho \"SUCCESS\" > \"${SCRIPT_OUTPUT_FILE_0}\"\n";
			showEnvVarsInLog = 0;
		};
		FD10A7F022414F080027D42C /* Start Packager */ = {
			isa = PBXShellScriptBuildPhase;
			buildActionMask = 2147483647;
			files = (
			);
			inputFileListPaths = (
			);
			inputPaths = (
			);
			name = "Start Packager";
			outputFileListPaths = (
			);
			outputPaths = (
			);
			runOnlyForDeploymentPostprocessing = 0;
			shellPath = /bin/sh;
			shellScript = "export RCT_METRO_PORT=\"${RCT_METRO_PORT:=8081}\"\necho \"export RCT_METRO_PORT=${RCT_METRO_PORT}\" > \"${SRCROOT}/../node_modules/react-native/scripts/.packager.env\"\nif [ -z \"${RCT_NO_LAUNCH_PACKAGER+xxx}\" ] ; then\n  if nc -w 5 -z localhost ${RCT_METRO_PORT} ; then\n    if ! curl -s \"http://localhost:${RCT_METRO_PORT}/status\" | grep -q \"packager-status:running\" ; then\n      echo \"Port ${RCT_METRO_PORT} already in use, packager is either not running or not running correctly\"\n      exit 2\n    fi\n  else\n    open \"$SRCROOT/../node_modules/react-native/scripts/launchPackager.command\" || echo \"Can't start packager automatically\"\n  fi\nfi\n";
			showEnvVarsInLog = 0;
		};
/* End PBXShellScriptBuildPhase section */

/* Begin PBXSourcesBuildPhase section */
		00E356EA1AD99517003FC87E /* Sources */ = {
			isa = PBXSourcesBuildPhase;
			buildActionMask = 2147483647;
			files = (
				00E356F31AD99517003FC87E /* Apna_FoodTests.m in Sources */,
			);
			runOnlyForDeploymentPostprocessing = 0;
		};
		13B07F871A680F5B00A75B9A /* Sources */ = {
			isa = PBXSourcesBuildPhase;
			buildActionMask = 2147483647;
			files = (
				13B07FBC1A68108700A75B9A /* AppDelegate.mm in Sources */,
				13B07FC11A68108700A75B9A /* main.m in Sources */,
			);
			runOnlyForDeploymentPostprocessing = 0;
		};
/* End PBXSourcesBuildPhase section */

/* Begin PBXTargetDependency section */
		00E356F51AD99517003FC87E /* PBXTargetDependency */ = {
			isa = PBXTargetDependency;
			target = 13B07F861A680F5B00A75B9A /* Apna_Food */;
			targetProxy = 00E356F41AD99517003FC87E /* PBXContainerItemProxy */;
		};
/* End PBXTargetDependency section */

/* Begin XCBuildConfiguration section */
		00E356F61AD99517003FC87E /* Debug */ = {
			isa = XCBuildConfiguration;
			baseConfigurationReference = D8995045A8C3FD743DDF61FB /* Pods-Apna_Food-Apna_FoodTests.debug.xcconfig */;
			buildSettings = {
				BUNDLE_LOADER = "$(TEST_HOST)";
				GCC_PREPROCESSOR_DEFINITIONS = (
					"DEBUG=1",
					"$(inherited)",
				);
				INFOPLIST_FILE = Apna_FoodTests/Info.plist;
				IPHONEOS_DEPLOYMENT_TARGET = 12.4;
				LD_RUNPATH_SEARCH_PATHS = (
					"$(inherited)",
					"@executable_path/Frameworks",
					"@loader_path/Frameworks",
				);
				OTHER_LDFLAGS = (
					"-ObjC",
					"-lc++",
					"$(inherited)",
				);
				PRODUCT_BUNDLE_IDENTIFIER = "org.reactjs.native.example.$(PRODUCT_NAME:rfc1034identifier)";
				PRODUCT_NAME = "$(TARGET_NAME)";
				TEST_HOST = "$(BUILT_PRODUCTS_DIR)/Apna_Food.app/Apna_Food";
			};
			name = Debug;
		};
		00E356F71AD99517003FC87E /* Release */ = {
			isa = XCBuildConfiguration;
			baseConfigurationReference = 601ABC3AB44BFCB63A6DB622 /* Pods-Apna_Food-Apna_FoodTests.release.xcconfig */;
			buildSettings = {
				BUNDLE_LOADER = "$(TEST_HOST)";
				COPY_PHASE_STRIP = NO;
				INFOPLIST_FILE = Apna_FoodTests/Info.plist;
				IPHONEOS_DEPLOYMENT_TARGET = 12.4;
				LD_RUNPATH_SEARCH_PATHS = (
					"$(inherited)",
					"@executable_path/Frameworks",
					"@loader_path/Frameworks",
				);
				OTHER_LDFLAGS = (
					"-ObjC",
					"-lc++",
					"$(inherited)",
				);
				PRODUCT_BUNDLE_IDENTIFIER = "org.reactjs.native.example.$(PRODUCT_NAME:rfc1034identifier)";
				PRODUCT_NAME = "$(TARGET_NAME)";
				TEST_HOST = "$(BUILT_PRODUCTS_DIR)/Apna_Food.app/Apna_Food";
			};
			name = Release;
		};
		13B07F941A680F5B00A75B9A /* Debug */ = {
			isa = XCBuildConfiguration;
			baseConfigurationReference = 8A0D7832F878A067CB34C0B0 /* Pods-Apna_Food.debug.xcconfig */;
			buildSettings = {
				ASSETCATALOG_COMPILER_APPICON_NAME = AppIcon;
				CLANG_ENABLE_MODULES = YES;
				CURRENT_PROJECT_VERSION = 0;
				ENABLE_BITCODE = NO;
				INFOPLIST_FILE = Apna_Food/Info.plist;
				IPHONEOS_DEPLOYMENT_TARGET = 11.0;
				LD_RUNPATH_SEARCH_PATHS = (
					"$(inherited)",
					"@executable_path/Frameworks",
				);
				MARKETING_VERSION = 1.0;
				OTHER_LDFLAGS = (
					"$(inherited)",
					"-ObjC",
					"-lc++",
				);
				PRODUCT_BUNDLE_IDENTIFIER = "org.reactjs.native.example.$(PRODUCT_NAME:rfc1034identifier)";
				"PRODUCT_BUNDLE_IDENTIFIER[sdk=iphoneos*]" = "com.app.apna-food";
				PRODUCT_NAME = Apna_Food;
				SWIFT_OPTIMIZATION_LEVEL = "-Onone";
				SWIFT_VERSION = 5.0;
				VERSIONING_SYSTEM = "apple-generic";
			};
			name = Debug;
		};
		13B07F951A680F5B00A75B9A /* Release */ = {
			isa = XCBuildConfiguration;
			baseConfigurationReference = 5339254BC8EC050FE026C42C /* Pods-Apna_Food.release.xcconfig */;
			buildSettings = {
				ASSETCATALOG_COMPILER_APPICON_NAME = AppIcon;
				CLANG_ENABLE_MODULES = YES;
				CURRENT_PROJECT_VERSION = 0;
				INFOPLIST_FILE = Apna_Food/Info.plist;
				IPHONEOS_DEPLOYMENT_TARGET = 11.0;
				LD_RUNPATH_SEARCH_PATHS = (
					"$(inherited)",
					"@executable_path/Frameworks",
				);
				MARKETING_VERSION = 1.0;
				OTHER_LDFLAGS = (
					"$(inherited)",
					"-ObjC",
					"-lc++",
				);
				PRODUCT_BUNDLE_IDENTIFIER = "org.reactjs.native.example.$(PRODUCT_NAME:rfc1034identifier)";
				"PRODUCT_BUNDLE_IDENTIFIER[sdk=iphoneos*]" = "com.app.apna-food";
				PRODUCT_NAME = Apna_Food;
				SWIFT_VERSION = 5.0;
				VERSIONING_SYSTEM = "apple-generic";
			};
			name = Release;
		};
		83CBBA201A601CBA00E9B192 /* Debug */ = {
			isa = XCBuildConfiguration;
			buildSettings = {
				ALWAYS_SEARCH_USER_PATHS = NO;
				CLANG_ANALYZER_LOCALIZABILITY_NONLOCALIZED = YES;
				CLANG_CXX_LANGUAGE_STANDARD = "c++17";
				CLANG_CXX_LIBRARY = "libc++";
				CLANG_ENABLE_MODULES = YES;
				CLANG_ENABLE_OBJC_ARC = YES;
				CLANG_WARN_BLOCK_CAPTURE_AUTORELEASING = YES;
				CLANG_WARN_BOOL_CONVERSION = YES;
				CLANG_WARN_COMMA = YES;
				CLANG_WARN_CONSTANT_CONVERSION = YES;
				CLANG_WARN_DEPRECATED_OBJC_IMPLEMENTATIONS = YES;
				CLANG_WARN_DIRECT_OBJC_ISA_USAGE = YES_ERROR;
				CLANG_WARN_EMPTY_BODY = YES;
				CLANG_WARN_ENUM_CONVERSION = YES;
				CLANG_WARN_INFINITE_RECURSION = YES;
				CLANG_WARN_INT_CONVERSION = YES;
				CLANG_WARN_NON_LITERAL_NULL_CONVERSION = YES;
				CLANG_WARN_OBJC_IMPLICIT_RETAIN_SELF = YES;
				CLANG_WARN_OBJC_LITERAL_CONVERSION = YES;
				CLANG_WARN_OBJC_ROOT_CLASS = YES_ERROR;
				CLANG_WARN_QUOTED_INCLUDE_IN_FRAMEWORK_HEADER = YES;
				CLANG_WARN_RANGE_LOOP_ANALYSIS = YES;
				CLANG_WARN_STRICT_PROTOTYPES = YES;
				CLANG_WARN_SUSPICIOUS_MOVE = YES;
				CLANG_WARN_UNREACHABLE_CODE = YES;
				CLANG_WARN__DUPLICATE_METHOD_MATCH = YES;
				"CODE_SIGN_IDENTITY[sdk=iphoneos*]" = "iPhone Developer";
				COPY_PHASE_STRIP = NO;
				ENABLE_STRICT_OBJC_MSGSEND = YES;
				ENABLE_TESTABILITY = YES;
				"EXCLUDED_ARCHS[sdk=iphonesimulator*]" = i386;
				GCC_C_LANGUAGE_STANDARD = gnu99;
				GCC_DYNAMIC_NO_PIC = NO;
				GCC_NO_COMMON_BLOCKS = YES;
				GCC_OPTIMIZATION_LEVEL = 0;
				GCC_PREPROCESSOR_DEFINITIONS = (
					"DEBUG=1",
					"$(inherited)",
				);
				GCC_SYMBOLS_PRIVATE_EXTERN = NO;
				GCC_WARN_64_TO_32_BIT_CONVERSION = YES;
				GCC_WARN_ABOUT_RETURN_TYPE = YES_ERROR;
				GCC_WARN_UNDECLARED_SELECTOR = YES;
				GCC_WARN_UNINITIALIZED_AUTOS = YES_AGGRESSIVE;
				GCC_WARN_UNUSED_FUNCTION = YES;
				GCC_WARN_UNUSED_VARIABLE = YES;
				IPHONEOS_DEPLOYMENT_TARGET = 12.4;
				LD_RUNPATH_SEARCH_PATHS = (
					/usr/lib/swift,
					"$(inherited)",
				);
				LIBRARY_SEARCH_PATHS = (
					"\"$(SDKROOT)/usr/lib/swift\"",
					"\"$(TOOLCHAIN_DIR)/usr/lib/swift/$(PLATFORM_NAME)\"",
					"\"$(inherited)\"",
				);
				MTL_ENABLE_DEBUG_INFO = YES;
				ONLY_ACTIVE_ARCH = YES;
				OTHER_CPLUSPLUSFLAGS = (
					"$(OTHER_CFLAGS)",
					"-DFOLLY_NO_CONFIG",
					"-DFOLLY_MOBILE=1",
					"-DFOLLY_USE_LIBCPP=1",
				);
				REACT_NATIVE_PATH = "${PODS_ROOT}/../../node_modules/react-native";
				SDKROOT = iphoneos;
			};
			name = Debug;
		};
		83CBBA211A601CBA00E9B192 /* Release */ = {
			isa = XCBuildConfiguration;
			buildSettings = {
				ALWAYS_SEARCH_USER_PATHS = NO;
				CLANG_ANALYZER_LOCALIZABILITY_NONLOCALIZED = YES;
				CLANG_CXX_LANGUAGE_STANDARD = "c++17";
				CLANG_CXX_LIBRARY = "libc++";
				CLANG_ENABLE_MODULES = YES;
				CLANG_ENABLE_OBJC_ARC = YES;
				CLANG_WARN_BLOCK_CAPTURE_AUTORELEASING = YES;
				CLANG_WARN_BOOL_CONVERSION = YES;
				CLANG_WARN_COMMA = YES;
				CLANG_WARN_CONSTANT_CONVERSION = YES;
				CLANG_WARN_DEPRECATED_OBJC_IMPLEMENTATIONS = YES;
				CLANG_WARN_DIRECT_OBJC_ISA_USAGE = YES_ERROR;
				CLANG_WARN_EMPTY_BODY = YES;
				CLANG_WARN_ENUM_CONVERSION = YES;
				CLANG_WARN_INFINITE_RECURSION = YES;
				CLANG_WARN_INT_CONVERSION = YES;
				CLANG_WARN_NON_LITERAL_NULL_CONVERSION = YES;
				CLANG_WARN_OBJC_IMPLICIT_RETAIN_SELF = YES;
				CLANG_WARN_OBJC_LITERAL_CONVERSION = YES;
				CLANG_WARN_OBJC_ROOT_CLASS = YES_ERROR;
				CLANG_WARN_QUOTED_INCLUDE_IN_FRAMEWORK_HEADER = YES;
				CLANG_WARN_RANGE_LOOP_ANALYSIS = YES;
				CLANG_WARN_STRICT_PROTOTYPES = YES;
				CLANG_WARN_SUSPICIOUS_MOVE = YES;
				CLANG_WARN_UNREACHABLE_CODE = YES;
				CLANG_WARN__DUPLICATE_METHOD_MATCH = YES;
				"CODE_SIGN_IDENTITY[sdk=iphoneos*]" = "iPhone Developer";
				COPY_PHASE_STRIP = YES;
				ENABLE_NS_ASSERTIONS = NO;
				ENABLE_STRICT_OBJC_MSGSEND = YES;
				"EXCLUDED_ARCHS[sdk=iphonesimulator*]" = i386;
				GCC_C_LANGUAGE_STANDARD = gnu99;
				GCC_NO_COMMON_BLOCKS = YES;
				GCC_WARN_64_TO_32_BIT_CONVERSION = YES;
				GCC_WARN_ABOUT_RETURN_TYPE = YES_ERROR;
				GCC_WARN_UNDECLARED_SELECTOR = YES;
				GCC_WARN_UNINITIALIZED_AUTOS = YES_AGGRESSIVE;
				GCC_WARN_UNUSED_FUNCTION = YES;
				GCC_WARN_UNUSED_VARIABLE = YES;
				IPHONEOS_DEPLOYMENT_TARGET = 12.4;
				LD_RUNPATH_SEARCH_PATHS = (
					/usr/lib/swift,
					"$(inherited)",
				);
				LIBRARY_SEARCH_PATHS = (
					"\"$(SDKROOT)/usr/lib/swift\"",
					"\"$(TOOLCHAIN_DIR)/usr/lib/swift/$(PLATFORM_NAME)\"",
					"\"$(inherited)\"",
				);
				MTL_ENABLE_DEBUG_INFO = NO;
				OTHER_CPLUSPLUSFLAGS = (
					"$(OTHER_CFLAGS)",
					"-DFOLLY_NO_CONFIG",
					"-DFOLLY_MOBILE=1",
					"-DFOLLY_USE_LIBCPP=1",
				);
				REACT_NATIVE_PATH = "${PODS_ROOT}/../../node_modules/react-native";
				SDKROOT = iphoneos;
				VALIDATE_PRODUCT = YES;
			};
			name = Release;
		};
/* End XCBuildConfiguration section */

/* Begin XCConfigurationList section */
		00E357021AD99517003FC87E /* Build configuration list for PBXNativeTarget "Apna_FoodTests" */ = {
			isa = XCConfigurationList;
			buildConfigurations = (
				00E356F61AD99517003FC87E /* Debug */,
				00E356F71AD99517003FC87E /* Release */,
			);
			defaultConfigurationIsVisible = 0;
			defaultConfigurationName = Release;
		};
		13B07F931A680F5B00A75B9A /* Build configuration list for PBXNativeTarget "Apna_Food" */ = {
			isa = XCConfigurationList;
			buildConfigurations = (
				13B07F941A680F5B00A75B9A /* Debug */,
				13B07F951A680F5B00A75B9A /* Release */,
			);
			defaultConfigurationIsVisible = 0;
			defaultConfigurationName = Release;
		};
		83CBB9FA1A601CBA00E9B192 /* Build configuration list for PBXProject "Apna_Food" */ = {
			isa = XCConfigurationList;
			buildConfigurations = (
				83CBBA201A601CBA00E9B192 /* Debug */,
				83CBBA211A601CBA00E9B192 /* Release */,
			);
			defaultConfigurationIsVisible = 0;
			defaultConfigurationName = Release;
		};
/* End XCConfigurationList section */
	};
	rootObject = 83CBB9F71A601CBA00E9B192 /* Project object */;
}
